// !$*UTF8*$!
{
	archiveVersion = 1;
	classes = {
	};
	objectVersion = 46;
	objects = {

/* Begin PBXBuildFile section */
		A145024A1EDB35F10030CE34 /* ViewController_InternationalAirPlane.swift in Sources */ = {isa = PBXBuildFile; fileRef = A14502491EDB35F10030CE34 /* ViewController_InternationalAirPlane.swift */; };
		A145024C1EDB48740030CE34 /* ViewController_FlightStatus.swift in Sources */ = {isa = PBXBuildFile; fileRef = A145024B1EDB48740030CE34 /* ViewController_FlightStatus.swift */; };
		A1957E881EC2FE7E002C3EDF /* ViewController_Airport.swift in Sources */ = {isa = PBXBuildFile; fileRef = A1957E871EC2FE7E002C3EDF /* ViewController_Airport.swift */; };
		A1A621521EED2940009B7888 /* Data.swift in Sources */ = {isa = PBXBuildFile; fileRef = A1A621511EED2940009B7888 /* Data.swift */; };
		A1B978E01EAD917800E9BFCC /* AppDelegate.swift in Sources */ = {isa = PBXBuildFile; fileRef = A1B978DF1EAD917800E9BFCC /* AppDelegate.swift */; };
		A1B978E21EAD917800E9BFCC /* ViewController.swift in Sources */ = {isa = PBXBuildFile; fileRef = A1B978E11EAD917800E9BFCC /* ViewController.swift */; };
		A1B978E51EAD917800E9BFCC /* Main.storyboard in Resources */ = {isa = PBXBuildFile; fileRef = A1B978E31EAD917800E9BFCC /* Main.storyboard */; };
		A1B978E71EAD917800E9BFCC /* Assets.xcassets in Resources */ = {isa = PBXBuildFile; fileRef = A1B978E61EAD917800E9BFCC /* Assets.xcassets */; };
		A1B978EA1EAD917800E9BFCC /* LaunchScreen.storyboard in Resources */ = {isa = PBXBuildFile; fileRef = A1B978E81EAD917800E9BFCC /* LaunchScreen.storyboard */; };
		A1B978F31EAD9DE700E9BFCC /* ViewController_Daum.swift in Sources */ = {isa = PBXBuildFile; fileRef = A1B978F11EAD9DE700E9BFCC /* ViewController_Daum.swift */; };
		A1B979181EB6020A00E9BFCC /* ViewController_DomesticAirPlane.swift in Sources */ = {isa = PBXBuildFile; fileRef = A1B979171EB6020A00E9BFCC /* ViewController_DomesticAirPlane.swift */; };
		A1BCEB541EED374D0068C091 /* SearchViewController.swift in Sources */ = {isa = PBXBuildFile; fileRef = A1BCEB531EED374D0068C091 /* SearchViewController.swift */; };
		A1BCEB581EEDCDEF0068C091 /* TableViewController.swift in Sources */ = {isa = PBXBuildFile; fileRef = A1BCEB571EEDCDEF0068C091 /* TableViewController.swift */; };
		A1CE56BC1EDB1BF400C07DF7 /* ViewController_Movie.swift in Sources */ = {isa = PBXBuildFile; fileRef = A1CE56BB1EDB1BF400C07DF7 /* ViewController_Movie.swift */; };
/* End PBXBuildFile section */

/* Begin PBXFileReference section */
		A14502491EDB35F10030CE34 /* ViewController_InternationalAirPlane.swift */ = {isa = PBXFileReference; fileEncoding = 4; lastKnownFileType = sourcecode.swift; path = ViewController_InternationalAirPlane.swift; sourceTree = "<group>"; };
		A145024B1EDB48740030CE34 /* ViewController_FlightStatus.swift */ = {isa = PBXFileReference; fileEncoding = 4; lastKnownFileType = sourcecode.swift; path = ViewController_FlightStatus.swift; sourceTree = "<group>"; };
		A1957E871EC2FE7E002C3EDF /* ViewController_Airport.swift */ = {isa = PBXFileReference; fileEncoding = 4; lastKnownFileType = sourcecode.swift; path = ViewController_Airport.swift; sourceTree = "<group>"; };
		A1A621511EED2940009B7888 /* Data.swift */ = {isa = PBXFileReference; fileEncoding = 4; lastKnownFileType = sourcecode.swift; path = Data.swift; sourceTree = "<group>"; };
		A1B978DC1EAD917800E9BFCC /* XMLParsingDemo.app */ = {isa = PBXFileReference; explicitFileType = wrapper.application; includeInIndex = 0; path = XMLParsingDemo.app; sourceTree = BUILT_PRODUCTS_DIR; };
		A1B978DF1EAD917800E9BFCC /* AppDelegate.swift */ = {isa = PBXFileReference; lastKnownFileType = sourcecode.swift; path = AppDelegate.swift; sourceTree = "<group>"; };
		A1B978E11EAD917800E9BFCC /* ViewController.swift */ = {isa = PBXFileReference; lastKnownFileType = sourcecode.swift; path = ViewController.swift; sourceTree = "<group>"; };
		A1B978E41EAD917800E9BFCC /* Base */ = {isa = PBXFileReference; lastKnownFileType = file.storyboard; name = Base; path = Base.lproj/Main.storyboard; sourceTree = "<group>"; };
		A1B978E61EAD917800E9BFCC /* Assets.xcassets */ = {isa = PBXFileReference; lastKnownFileType = folder.assetcatalog; path = Assets.xcassets; sourceTree = "<group>"; };
		A1B978E91EAD917800E9BFCC /* Base */ = {isa = PBXFileReference; lastKnownFileType = file.storyboard; name = Base; path = Base.lproj/LaunchScreen.storyboard; sourceTree = "<group>"; };
		A1B978EB1EAD917800E9BFCC /* Info.plist */ = {isa = PBXFileReference; lastKnownFileType = text.plist.xml; path = Info.plist; sourceTree = "<group>"; };
		A1B978F11EAD9DE700E9BFCC /* ViewController_Daum.swift */ = {isa = PBXFileReference; fileEncoding = 4; lastKnownFileType = sourcecode.swift; path = ViewController_Daum.swift; sourceTree = "<group>"; };
		A1B979171EB6020A00E9BFCC /* ViewController_DomesticAirPlane.swift */ = {isa = PBXFileReference; fileEncoding = 4; lastKnownFileType = sourcecode.swift; path = ViewController_DomesticAirPlane.swift; sourceTree = "<group>"; };
		A1BCEB531EED374D0068C091 /* SearchViewController.swift */ = {isa = PBXFileReference; fileEncoding = 4; lastKnownFileType = sourcecode.swift; path = SearchViewController.swift; sourceTree = "<group>"; };
		A1BCEB571EEDCDEF0068C091 /* TableViewController.swift */ = {isa = PBXFileReference; fileEncoding = 4; lastKnownFileType = sourcecode.swift; path = TableViewController.swift; sourceTree = "<group>"; };
		A1CE56BB1EDB1BF400C07DF7 /* ViewController_Movie.swift */ = {isa = PBXFileReference; fileEncoding = 4; lastKnownFileType = sourcecode.swift; path = ViewController_Movie.swift; sourceTree = "<group>"; };
/* End PBXFileReference section */

/* Begin PBXFrameworksBuildPhase section */
		A1B978D91EAD917800E9BFCC /* Frameworks */ = {
			isa = PBXFrameworksBuildPhase;
			buildActionMask = 2147483647;
			files = (
			);
			runOnlyForDeploymentPostprocessing = 0;
		};
/* End PBXFrameworksBuildPhase section */

/* Begin PBXGroup section */
		A1B978D31EAD917800E9BFCC = {
			isa = PBXGroup;
			children = (
				A1B978DE1EAD917800E9BFCC /* XMLParsingDemo */,
				A1B978DD1EAD917800E9BFCC /* Products */,
			);
			sourceTree = "<group>";
		};
		A1B978DD1EAD917800E9BFCC /* Products */ = {
			isa = PBXGroup;
			children = (
				A1B978DC1EAD917800E9BFCC /* XMLParsingDemo.app */,
			);
			name = Products;
			sourceTree = "<group>";
		};
		A1B978DE1EAD917800E9BFCC /* XMLParsingDemo */ = {
			isa = PBXGroup;
			children = (
				A1BCEB571EEDCDEF0068C091 /* TableViewController.swift */,
				A1A621511EED2940009B7888 /* Data.swift */,
				A1957E871EC2FE7E002C3EDF /* ViewController_Airport.swift */,
				A1B979171EB6020A00E9BFCC /* ViewController_DomesticAirPlane.swift */,
				A14502491EDB35F10030CE34 /* ViewController_InternationalAirPlane.swift */,
				A1B978F11EAD9DE700E9BFCC /* ViewController_Daum.swift */,
				A1B978DF1EAD917800E9BFCC /* AppDelegate.swift */,
				A1B978E11EAD917800E9BFCC /* ViewController.swift */,
				A1B978E31EAD917800E9BFCC /* Main.storyboard */,
				A1B978E61EAD917800E9BFCC /* Assets.xcassets */,
				A1B978E81EAD917800E9BFCC /* LaunchScreen.storyboard */,
				A1B978EB1EAD917800E9BFCC /* Info.plist */,
				A1CE56BB1EDB1BF400C07DF7 /* ViewController_Movie.swift */,
				A145024B1EDB48740030CE34 /* ViewController_FlightStatus.swift */,
				A1BCEB531EED374D0068C091 /* SearchViewController.swift */,
			);
			path = XMLParsingDemo;
			sourceTree = "<group>";
		};
/* End PBXGroup section */

/* Begin PBXNativeTarget section */
		A1B978DB1EAD917800E9BFCC /* XMLParsingDemo */ = {
			isa = PBXNativeTarget;
			buildConfigurationList = A1B978EE1EAD917800E9BFCC /* Build configuration list for PBXNativeTarget "XMLParsingDemo" */;
			buildPhases = (
				A1B978D81EAD917800E9BFCC /* Sources */,
				A1B978D91EAD917800E9BFCC /* Frameworks */,
				A1B978DA1EAD917800E9BFCC /* Resources */,
			);
			buildRules = (
			);
			dependencies = (
			);
			name = XMLParsingDemo;
			productName = XMLParsingDemo;
			productReference = A1B978DC1EAD917800E9BFCC /* XMLParsingDemo.app */;
			productType = "com.apple.product-type.application";
		};
/* End PBXNativeTarget section */

/* Begin PBXProject section */
		A1B978D41EAD917800E9BFCC /* Project object */ = {
			isa = PBXProject;
			attributes = {
				LastSwiftUpdateCheck = 0830;
				LastUpgradeCheck = 0830;
				ORGANIZATIONNAME = "WONSUB SHIN";
				TargetAttributes = {
					A1B978DB1EAD917800E9BFCC = {
						CreatedOnToolsVersion = 8.3;
						DevelopmentTeam = 5K89RS36D9;
						ProvisioningStyle = Automatic;
					};
				};
			};
			buildConfigurationList = A1B978D71EAD917800E9BFCC /* Build configuration list for PBXProject "XMLParsingDemo" */;
			compatibilityVersion = "Xcode 3.2";
			developmentRegion = English;
			hasScannedForEncodings = 0;
			knownRegions = (
				en,
				Base,
			);
			mainGroup = A1B978D31EAD917800E9BFCC;
			productRefGroup = A1B978DD1EAD917800E9BFCC /* Products */;
			projectDirPath = "";
			projectRoot = "";
			targets = (
				A1B978DB1EAD917800E9BFCC /* XMLParsingDemo */,
			);
		};
/* End PBXProject section */

/* Begin PBXResourcesBuildPhase section */
		A1B978DA1EAD917800E9BFCC /* Resources */ = {
			isa = PBXResourcesBuildPhase;
			buildActionMask = 2147483647;
			files = (
				A1B978EA1EAD917800E9BFCC /* LaunchScreen.storyboard in Resources */,
				A1B978E71EAD917800E9BFCC /* Assets.xcassets in Resources */,
				A1B978E51EAD917800E9BFCC /* Main.storyboard in Resources */,
			);
			runOnlyForDeploymentPostprocessing = 0;
		};
/* End PBXResourcesBuildPhase section */

/* Begin PBXSourcesBuildPhase section */
		A1B978D81EAD917800E9BFCC /* Sources */ = {
			isa = PBXSourcesBuildPhase;
			buildActionMask = 2147483647;
			files = (
				A1BCEB541EED374D0068C091 /* SearchViewController.swift in Sources */,
				A1B979181EB6020A00E9BFCC /* ViewController_DomesticAirPlane.swift in Sources */,
				A1B978E21EAD917800E9BFCC /* ViewController.swift in Sources */,
				A1957E881EC2FE7E002C3EDF /* ViewController_Airport.swift in Sources */,
				A145024C1EDB48740030CE34 /* ViewController_FlightStatus.swift in Sources */,
				A1A621521EED2940009B7888 /* Data.swift in Sources */,
				A1BCEB581EEDCDEF0068C091 /* TableViewController.swift in Sources */,
				A1CE56BC1EDB1BF400C07DF7 /* ViewController_Movie.swift in Sources */,
				A1B978F31EAD9DE700E9BFCC /* ViewController_Daum.swift in Sources */,
				A145024A1EDB35F10030CE34 /* ViewController_InternationalAirPlane.swift in Sources */,
				A1B978E01EAD917800E9BFCC /* AppDelegate.swift in Sources */,
			);
			runOnlyForDeploymentPostprocessing = 0;
		};
/* End PBXSourcesBuildPhase section */

/* Begin PBXVariantGroup section */
		A1B978E31EAD917800E9BFCC /* Main.storyboard */ = {
			isa = PBXVariantGroup;
			children = (
				A1B978E41EAD917800E9BFCC /* Base */,
			);
			name = Main.storyboard;
			sourceTree = "<group>";
		};
		A1B978E81EAD917800E9BFCC /* LaunchScreen.storyboard */ = {
			isa = PBXVariantGroup;
			children = (
				A1B978E91EAD917800E9BFCC /* Base */,
			);
			name = LaunchScreen.storyboard;
			sourceTree = "<group>";
		};
/* End PBXVariantGroup section */

/* Begin XCBuildConfiguration section */
		A1B978EC1EAD917800E9BFCC /* Debug */ = {
			isa = XCBuildConfiguration;
			buildSettings = {
				ALWAYS_SEARCH_USER_PATHS = NO;
				CLANG_ANALYZER_NONNULL = YES;
				CLANG_ANALYZER_NUMBER_OBJECT_CONVERSION = YES_AGGRESSIVE;
				CLANG_CXX_LANGUAGE_STANDARD = "gnu++0x";
				CLANG_CXX_LIBRARY = "libc++";
				CLANG_ENABLE_MODULES = YES;
				CLANG_ENABLE_OBJC_ARC = YES;
				CLANG_WARN_BOOL_CONVERSION = YES;
				CLANG_WARN_CONSTANT_CONVERSION = YES;
				CLANG_WARN_DIRECT_OBJC_ISA_USAGE = YES_ERROR;
				CLANG_WARN_DOCUMENTATION_COMMENTS = YES;
				CLANG_WARN_EMPTY_BODY = YES;
				CLANG_WARN_ENUM_CONVERSION = YES;
				CLANG_WARN_INFINITE_RECURSION = YES;
				CLANG_WARN_INT_CONVERSION = YES;
				CLANG_WARN_OBJC_ROOT_CLASS = YES_ERROR;
				CLANG_WARN_SUSPICIOUS_MOVE = YES;
				CLANG_WARN_UNREACHABLE_CODE = YES;
				CLANG_WARN__DUPLICATE_METHOD_MATCH = YES;
				"CODE_SIGN_IDENTITY[sdk=iphoneos*]" = "iPhone Developer";
				COPY_PHASE_STRIP = NO;
				DEBUG_INFORMATION_FORMAT = dwarf;
				ENABLE_STRICT_OBJC_MSGSEND = YES;
				ENABLE_TESTABILITY = YES;
				GCC_C_LANGUAGE_STANDARD = gnu99;
				GCC_DYNAMIC_NO_PIC = NO;
				GCC_NO_COMMON_BLOCKS = YES;
				GCC_OPTIMIZATION_LEVEL = 0;
				GCC_PREPROCESSOR_DEFINITIONS = (
					"DEBUG=1",
					"$(inherited)",
				);
				GCC_WARN_64_TO_32_BIT_CONVERSION = YES;
				GCC_WARN_ABOUT_RETURN_TYPE = YES_ERROR;
				GCC_WARN_UNDECLARED_SELECTOR = YES;
				GCC_WARN_UNINITIALIZED_AUTOS = YES_AGGRESSIVE;
				GCC_WARN_UNUSED_FUNCTION = YES;
				GCC_WARN_UNUSED_VARIABLE = YES;
				IPHONEOS_DEPLOYMENT_TARGET = 10.3;
				MTL_ENABLE_DEBUG_INFO = YES;
				ONLY_ACTIVE_ARCH = YES;
				SDKROOT = iphoneos;
				SWIFT_ACTIVE_COMPILATION_CONDITIONS = DEBUG;
				SWIFT_OPTIMIZATION_LEVEL = "-Onone";
				TARGETED_DEVICE_FAMILY = "1,2";
			};
			name = Debug;
		};
		A1B978ED1EAD917800E9BFCC /* Release */ = {
			isa = XCBuildConfiguration;
			buildSettings = {
				ALWAYS_SEARCH_USER_PATHS = NO;
				CLANG_ANALYZER_NONNULL = YES;
				CLANG_ANALYZER_NUMBER_OBJECT_CONVERSION = YES_AGGRESSIVE;
				CLANG_CXX_LANGUAGE_STANDARD = "gnu++0x";
				CLANG_CXX_LIBRARY = "libc++";
				CLANG_ENABLE_MODULES = YES;
				CLANG_ENABLE_OBJC_ARC = YES;
				CLANG_WARN_BOOL_CONVERSION = YES;
				CLANG_WARN_CONSTANT_CONVERSION = YES;
				CLANG_WARN_DIRECT_OBJC_ISA_USAGE = YES_ERROR;
				CLANG_WARN_DOCUMENTATION_COMMENTS = YES;
				CLANG_WARN_EMPTY_BODY = YES;
				CLANG_WARN_ENUM_CONVERSION = YES;
				CLANG_WARN_INFINITE_RECURSION = YES;
				CLANG_WARN_INT_CONVERSION = YES;
				CLANG_WARN_OBJC_ROOT_CLASS = YES_ERROR;
				CLANG_WARN_SUSPICIOUS_MOVE = YES;
				CLANG_WARN_UNREACHABLE_CODE = YES;
				CLANG_WARN__DUPLICATE_METHOD_MATCH = YES;
				"CODE_SIGN_IDENTITY[sdk=iphoneos*]" = "iPhone Developer";
				COPY_PHASE_STRIP = NO;
				DEBUG_INFORMATION_FORMAT = "dwarf-with-dsym";
				ENABLE_NS_ASSERTIONS = NO;
				ENABLE_STRICT_OBJC_MSGSEND = YES;
				GCC_C_LANGUAGE_STANDARD = gnu99;
				GCC_NO_COMMON_BLOCKS = YES;
				GCC_WARN_64_TO_32_BIT_CONVERSION = YES;
				GCC_WARN_ABOUT_RETURN_TYPE = YES_ERROR;
				GCC_WARN_UNDECLARED_SELECTOR = YES;
				GCC_WARN_UNINITIALIZED_AUTOS = YES_AGGRESSIVE;
				GCC_WARN_UNUSED_FUNCTION = YES;
				GCC_WARN_UNUSED_VARIABLE = YES;
				IPHONEOS_DEPLOYMENT_TARGET = 10.3;
				MTL_ENABLE_DEBUG_INFO = NO;
				SDKROOT = iphoneos;
				SWIFT_OPTIMIZATION_LEVEL = "-Owholemodule";
				TARGETED_DEVICE_FAMILY = "1,2";
				VALIDATE_PRODUCT = YES;
			};
			name = Release;
		};
		A1B978EF1EAD917800E9BFCC /* Debug */ = {
			isa = XCBuildConfiguration;
			buildSettings = {
				ASSETCATALOG_COMPILER_APPICON_NAME = AppIcon;
				DEVELOPMENT_TEAM = 5K89RS36D9;
				INFOPLIST_FILE = XMLParsingDemo/Info.plist;
				LD_RUNPATH_SEARCH_PATHS = "$(inherited) @executable_path/Frameworks";
				PRODUCT_BUNDLE_IDENTIFIER = kpu.2017class.XMLParsingDemo;
				PRODUCT_NAME = "$(TARGET_NAME)";
				SWIFT_VERSION = 3.0;
			};
			name = Debug;
		};
		A1B978F01EAD917800E9BFCC /* Release */ = {
			isa = XCBuildConfiguration;
			buildSettings = {
				ASSETCATALOG_COMPILER_APPICON_NAME = AppIcon;
				DEVELOPMENT_TEAM = 5K89RS36D9;
				INFOPLIST_FILE = XMLParsingDemo/Info.plist;
				LD_RUNPATH_SEARCH_PATHS = "$(inherited) @executable_path/Frameworks";
				PRODUCT_BUNDLE_IDENTIFIER = kpu.2017class.XMLParsingDemo;
				PRODUCT_NAME = "$(TARGET_NAME)";
				SWIFT_VERSION = 3.0;
			};
			name = Release;
		};
/* End XCBuildConfiguration section */

/* Begin XCConfigurationList section */
		A1B978D71EAD917800E9BFCC /* Build configuration list for PBXProject "XMLParsingDemo" */ = {
			isa = XCConfigurationList;
			buildConfigurations = (
				A1B978EC1EAD917800E9BFCC /* Debug */,
				A1B978ED1EAD917800E9BFCC /* Release */,
			);
			defaultConfigurationIsVisible = 0;
			defaultConfigurationName = Release;
		};
		A1B978EE1EAD917800E9BFCC /* Build configuration list for PBXNativeTarget "XMLParsingDemo" */ = {
			isa = XCConfigurationList;
			buildConfigurations = (
				A1B978EF1EAD917800E9BFCC /* Debug */,
				A1B978F01EAD917800E9BFCC /* Release */,
			);
			defaultConfigurationIsVisible = 0;
			defaultConfigurationName = Release;
		};
/* End XCConfigurationList section */
	};
	rootObject = A1B978D41EAD917800E9BFCC /* Project object */;
}
